uuid: deda23e3-a0e8-4c96-bad8-71db761c928f
langcode: en
status: false
dependencies:
  module:
    - system
    - welcome_block
  theme:
    - suboot
id: welcomeblock
theme: suboot
region: content
weight: -8
provider: null
plugin: welcome_block
settings:
  id: welcome_block
  label: 'Welcome block'
  label_display: '0'
  provider: welcome_block
visibility:
  request_path:
    id: request_path
    negate: false
    pages: '<front>'
